
Microsoft Visual Studio Solution File, Format Version 12.00
# Visual Studio Version 17
VisualStudioVersion = 17.11.35222.181
MinimumVisualStudioVersion = 10.0.40219.1
Project("{8BC9CEB8-8B4A-11D0-8D11-00A0C91BC942}") = "RightViewOfBinTree", "RightViewOfBinTree\RightViewOfBinTree.vcxproj", "{FABC0A3C-576A-4786-BDB9-AF6EC0B86A79}"
EndProject
Global
	GlobalSection(SolutionConfigurationPlatforms) = preSolution
		Debug|x64 = Debug|x64
		Debug|x86 = Debug|x86
		Release|x64 = Release|x64
		Release|x86 = Release|x86
	EndGlobalSection
	GlobalSection(ProjectConfigurationPlatforms) = postSolution
		{FABC0A3C-576A-4786-BDB9-AF6EC0B86A79}.Debug|x64.ActiveCfg = Debug|x64
		{FABC0A3C-576A-4786-BDB9-AF6EC0B86A79}.Debug|x64.Build.0 = Debug|x64
		{FABC0A3C-576A-4786-BDB9-AF6EC0B86A79}.Debug|x86.ActiveCfg = Debug|Win32
		{FABC0A3C-576A-4786-BDB9-AF6EC0B86A79}.Debug|x86.Build.0 = Debug|Win32
		{FABC0A3C-576A-4786-BDB9-AF6EC0B86A79}.Release|x64.ActiveCfg = Release|x64
		{FABC0A3C-576A-4786-BDB9-AF6EC0B86A79}.Release|x64.Build.0 = Release|x64
		{FABC0A3C-576A-4786-BDB9-AF6EC0B86A79}.Release|x86.ActiveCfg = Release|Win32
		{FABC0A3C-576A-4786-BDB9-AF6EC0B86A79}.Release|x86.Build.0 = Release|Win32
	EndGlobalSection
	GlobalSection(SolutionProperties) = preSolution
		HideSolutionNode = FALSE
	EndGlobalSection
	GlobalSection(ExtensibilityGlobals) = postSolution
		SolutionGuid = {50EDF596-58BF-4E33-A6B4-BA7E64F3F5E1}
	EndGlobalSection
EndGlobal
